
Microsoft Visual Studio Solution File, Format Version 12.00
# Visual Studio Version 16
VisualStudioVersion = 16.0.31005.135
MinimumVisualStudioVersion = 10.0.40219.1
Project("{FAE04EC0-301F-11D3-BF4B-00C04F79EFBC}") = "DFDSServiceAPI", "DFDSServiceAPI\DFDSServiceAPI.csproj", "{04855DB4-F98B-4492-823C-DFE8D8F853D2}"
	ProjectSection(ProjectDependencies) = postProject
		{CA649889-8591-4474-9D0A-B2E0062CBC7B} = {CA649889-8591-4474-9D0A-B2E0062CBC7B}
	EndProjectSection
EndProject
Project("{FAE04EC0-301F-11D3-BF4B-00C04F79EFBC}") = "Service", "Service\Service.csproj", "{CA649889-8591-4474-9D0A-B2E0062CBC7B}"
EndProject
Global
	GlobalSection(SolutionConfigurationPlatforms) = preSolution
		Debug|Any CPU = Debug|Any CPU
		Release|Any CPU = Release|Any CPU
	EndGlobalSection
	GlobalSection(ProjectConfigurationPlatforms) = postSolution
		{04855DB4-F98B-4492-823C-DFE8D8F853D2}.Debug|Any CPU.ActiveCfg = Debug|Any CPU
		{04855DB4-F98B-4492-823C-DFE8D8F853D2}.Debug|Any CPU.Build.0 = Debug|Any CPU
		{04855DB4-F98B-4492-823C-DFE8D8F853D2}.Release|Any CPU.ActiveCfg = Release|Any CPU
		{04855DB4-F98B-4492-823C-DFE8D8F853D2}.Release|Any CPU.Build.0 = Release|Any CPU
		{CA649889-8591-4474-9D0A-B2E0062CBC7B}.Debug|Any CPU.ActiveCfg = Debug|Any CPU
		{CA649889-8591-4474-9D0A-B2E0062CBC7B}.Debug|Any CPU.Build.0 = Debug|Any CPU
		{CA649889-8591-4474-9D0A-B2E0062CBC7B}.Release|Any CPU.ActiveCfg = Release|Any CPU
		{CA649889-8591-4474-9D0A-B2E0062CBC7B}.Release|Any CPU.Build.0 = Release|Any CPU
	EndGlobalSection
	GlobalSection(SolutionProperties) = preSolution
		HideSolutionNode = FALSE
	EndGlobalSection
	GlobalSection(ExtensibilityGlobals) = postSolution
		SolutionGuid = {18593309-AB9D-4199-8D33-32B1FE5ED80A}
	EndGlobalSection
EndGlobal
